
Microsoft Visual Studio Solution File, Format Version 12.00
# Visual Studio Version 16
VisualStudioVersion = 16.0.29123.88
MinimumVisualStudioVersion = 10.0.40219.1
Project("{FAE04EC0-301F-11D3-BF4B-00C04F79EFBC}") = "AbstractFactoryDesignPattern", "AbstractFactoryDesignPattern\AbstractFactoryDesignPattern.csproj", "{4157602E-432F-4734-8FD4-5F08323BB267}"
EndProject
Global
	GlobalSection(SolutionConfigurationPlatforms) = preSolution
		Debug|Any CPU = Debug|Any CPU
		Release|Any CPU = Release|Any CPU
	EndGlobalSection
	GlobalSection(ProjectConfigurationPlatforms) = postSolution
		{4157602E-432F-4734-8FD4-5F08323BB267}.Debug|Any CPU.ActiveCfg = Debug|Any CPU
		{4157602E-432F-4734-8FD4-5F08323BB267}.Debug|Any CPU.Build.0 = Debug|Any CPU
		{4157602E-432F-4734-8FD4-5F08323BB267}.Release|Any CPU.ActiveCfg = Release|Any CPU
		{4157602E-432F-4734-8FD4-5F08323BB267}.Release|Any CPU.Build.0 = Release|Any CPU
	EndGlobalSection
	GlobalSection(SolutionProperties) = preSolution
		HideSolutionNode = FALSE
	EndGlobalSection
	GlobalSection(ExtensibilityGlobals) = postSolution
		SolutionGuid = {311846AE-9538-4452-BFF0-87F696896AA5}
	EndGlobalSection
EndGlobal
